
Microsoft Visual Studio Solution File, Format Version 12.00
# Visual Studio Version 17
VisualStudioVersion = 17.9.34607.119
MinimumVisualStudioVersion = 10.0.40219.1
Project("{9A19103F-16F7-4668-BE54-9A1E7A4F7556}") = "Wc3 Combat Game", "Wc3 Combat Game.csproj", "{1EC9E647-3537-492B-8BFB-6303CD15EC01}"
	ProjectSection(ProjectDependencies) = postProject
		{24D5EA49-EE14-4E83-A6D0-67899020ACD5} = {24D5EA49-EE14-4E83-A6D0-67899020ACD5}
	EndProjectSection
EndProject
Project("{9A19103F-16F7-4668-BE54-9A1E7A4F7556}") = "MathUtils", "..\MathUtils\MathUtils.csproj", "{24D5EA49-EE14-4E83-A6D0-67899020ACD5}"
EndProject
Project("{FAE04EC0-301F-11D3-BF4B-00C04F79EFBC}") = "AssertUtils", "..\AssertUtils\AssertUtils\AssertUtils.csproj", "{D4629626-BB61-4C61-69D4-3276BBA3F611}"
EndProject
Project("{FAE04EC0-301F-11D3-BF4B-00C04F79EFBC}") = "AStar", "..\AStar\AStar\AStar.csproj", "{B3C2D1C1-D9D1-AE0B-7AE9-7A1BAAD0164F}"
EndProject
Global
	GlobalSection(SolutionConfigurationPlatforms) = preSolution
		Debug|Any CPU = Debug|Any CPU
		Release|Any CPU = Release|Any CPU
	EndGlobalSection
	GlobalSection(ProjectConfigurationPlatforms) = postSolution
		{1EC9E647-3537-492B-8BFB-6303CD15EC01}.Debug|Any CPU.ActiveCfg = Debug|Any CPU
		{1EC9E647-3537-492B-8BFB-6303CD15EC01}.Debug|Any CPU.Build.0 = Debug|Any CPU
		{1EC9E647-3537-492B-8BFB-6303CD15EC01}.Release|Any CPU.ActiveCfg = Release|Any CPU
		{1EC9E647-3537-492B-8BFB-6303CD15EC01}.Release|Any CPU.Build.0 = Release|Any CPU
		{24D5EA49-EE14-4E83-A6D0-67899020ACD5}.Debug|Any CPU.ActiveCfg = Debug|Any CPU
		{24D5EA49-EE14-4E83-A6D0-67899020ACD5}.Debug|Any CPU.Build.0 = Debug|Any CPU
		{24D5EA49-EE14-4E83-A6D0-67899020ACD5}.Release|Any CPU.ActiveCfg = Release|Any CPU
		{24D5EA49-EE14-4E83-A6D0-67899020ACD5}.Release|Any CPU.Build.0 = Release|Any CPU
		{D4629626-BB61-4C61-69D4-3276BBA3F611}.Debug|Any CPU.ActiveCfg = Debug|Any CPU
		{D4629626-BB61-4C61-69D4-3276BBA3F611}.Debug|Any CPU.Build.0 = Debug|Any CPU
		{D4629626-BB61-4C61-69D4-3276BBA3F611}.Release|Any CPU.ActiveCfg = Release|Any CPU
		{D4629626-BB61-4C61-69D4-3276BBA3F611}.Release|Any CPU.Build.0 = Release|Any CPU
		{B3C2D1C1-D9D1-AE0B-7AE9-7A1BAAD0164F}.Debug|Any CPU.ActiveCfg = Debug|Any CPU
		{B3C2D1C1-D9D1-AE0B-7AE9-7A1BAAD0164F}.Debug|Any CPU.Build.0 = Debug|Any CPU
		{B3C2D1C1-D9D1-AE0B-7AE9-7A1BAAD0164F}.Release|Any CPU.ActiveCfg = Release|Any CPU
		{B3C2D1C1-D9D1-AE0B-7AE9-7A1BAAD0164F}.Release|Any CPU.Build.0 = Release|Any CPU
	EndGlobalSection
	GlobalSection(SolutionProperties) = preSolution
		HideSolutionNode = FALSE
	EndGlobalSection
	GlobalSection(ExtensibilityGlobals) = postSolution
		SolutionGuid = {33CBC793-EDF4-41CB-8A34-CA54D57B61F5}
	EndGlobalSection
EndGlobal
